dependencies:
  espressif/esp_lcd_qemu_rgb:
    component_hash: e8981dd7399504a5ab647ce28a4876f8467c03b759895f50c24f0cb6095faaa0
    dependencies:
    - name: idf
      require: private
      version: '>=5.3'
    source:
      registry_url: https://components.espressif.com/
      type: service
    version: 1.0.2
  idf:
    source:
      type: idf
    version: 6.0.2
direct_dependencies:
- espressif/esp_lcd_qemu_rgb
manifest_hash: 6ae92143febbb83b3a208e045965bbece443a8862e151a3b04cba8182a51660a
target: esp32s3
version: 3.0.0
